# This file is automatically @generated by Cargo.
# It is not intended for manual editing.
version = 4

[[package]]
name = "keyflow-app"
version = "0.1.0"
dependencies = [
 "keyflow-core",
 "keyflow-platform",
]

[[package]]
name = "keyflow-core"
version = "0.1.0"

[[package]]
name = "keyflow-platform"
version = "0.1.0"
